
Microsoft Visual Studio Solution File, Format Version 12.00
# Visual Studio 15
VisualStudioVersion = 15.0.28010.2041
MinimumVisualStudioVersion = 10.0.40219.1
Project("{FAE04EC0-301F-11D3-BF4B-00C04F79EFBC}") = "Bilder_suchen", "Bilder_suchen\Bilder_suchen.csproj", "{0B012782-F2F0-4C53-929F-E7B642435D64}"
EndProject
Project("{FAE04EC0-301F-11D3-BF4B-00C04F79EFBC}") = "MainProgram", "MainProgram\MainProgram.csproj", "{6C15C022-DD60-4D8C-8D38-2F01B227F24C}"
EndProject
Project("{FAE04EC0-301F-11D3-BF4B-00C04F79EFBC}") = "FolderFileLib", "..\OrdnerDatei\FolderFileLib.csproj", "{0DE5F7B2-633A-4ACF-B6AD-DF37BD9E68D9}"
EndProject
Global
	GlobalSection(SolutionConfigurationPlatforms) = preSolution
		Debug|Any CPU = Debug|Any CPU
		Release|Any CPU = Release|Any CPU
	EndGlobalSection
	GlobalSection(ProjectConfigurationPlatforms) = postSolution
		{0B012782-F2F0-4C53-929F-E7B642435D64}.Debug|Any CPU.ActiveCfg = Debug|Any CPU
		{0B012782-F2F0-4C53-929F-E7B642435D64}.Debug|Any CPU.Build.0 = Debug|Any CPU
		{0B012782-F2F0-4C53-929F-E7B642435D64}.Release|Any CPU.ActiveCfg = Release|Any CPU
		{0B012782-F2F0-4C53-929F-E7B642435D64}.Release|Any CPU.Build.0 = Release|Any CPU
		{6C15C022-DD60-4D8C-8D38-2F01B227F24C}.Debug|Any CPU.ActiveCfg = Debug|Any CPU
		{6C15C022-DD60-4D8C-8D38-2F01B227F24C}.Debug|Any CPU.Build.0 = Debug|Any CPU
		{6C15C022-DD60-4D8C-8D38-2F01B227F24C}.Release|Any CPU.ActiveCfg = Release|Any CPU
		{6C15C022-DD60-4D8C-8D38-2F01B227F24C}.Release|Any CPU.Build.0 = Release|Any CPU
		{0DE5F7B2-633A-4ACF-B6AD-DF37BD9E68D9}.Debug|Any CPU.ActiveCfg = Debug|Any CPU
		{0DE5F7B2-633A-4ACF-B6AD-DF37BD9E68D9}.Debug|Any CPU.Build.0 = Debug|Any CPU
		{0DE5F7B2-633A-4ACF-B6AD-DF37BD9E68D9}.Release|Any CPU.ActiveCfg = Release|Any CPU
		{0DE5F7B2-633A-4ACF-B6AD-DF37BD9E68D9}.Release|Any CPU.Build.0 = Release|Any CPU
	EndGlobalSection
	GlobalSection(SolutionProperties) = preSolution
		HideSolutionNode = FALSE
	EndGlobalSection
	GlobalSection(ExtensibilityGlobals) = postSolution
		SolutionGuid = {55DFE7FF-FEFC-402E-BA55-4D6104E34A94}
	EndGlobalSection
EndGlobal
